{"version":4,"terraform_version":"1.9.0","serial":1,"lineage":"63bff423-67f5-75d9-1d0f-e4b2e91d7dd3","outputs":{},"resources":[{"module":"module.provider_infra_local[0]","mode":"data","type":"docker_network","name":"custom_network","provider":"provider[\"registry.opentofu.org/kreuzwerker/docker\"]","instances":[{"schema_version":0,"attributes":{"driver":"bridge","id":"97cb3f3a8edb14e88e75b16526aad91366ef11105fdff69e0c2c170a5a7459c3","internal":false,"ipam_config":[{"aux_address":{},"gateway":"172.30.0.1","ip_range":"","subnet":"172.30.0.0/16"}],"name":"network-2b36abf3-e13a-4fd1-86cd-5df920ce3423","options":{},"scope":"local"},"sensitive_attributes":[]}]},{"module":"module.provider_infra_local[0]","mode":"managed","type":"docker_container","name":"instance","provider":"provider[\"registry.opentofu.org/kreuzwerker/docker\"]","instances":[{"schema_version":2,"attributes":{"attach":false,"bridge":"","capabilities":[],"cgroupns_mode":null,"command":[],"container_logs":null,"container_read_refresh_timeout_milliseconds":15000,"cpu_set":"","cpu_shares":0,"destroy_grace_seconds":null,"devices":[],"dns":null,"dns_opts":null,"dns_search":null,"domainname":"","entrypoint":["/start"],"env":["EULA=TRUE","SERVER_NAME=My Minecraft Server"],"exit_code":null,"gpus":null,"group_add":null,"healthcheck":[{"interval":"30s","retries":2,"start_period":"2m0s","test":["CMD-SHELL","mc-health"],"timeout":"0s"}],"host":[],"hostname":"a9a0bc4e5973","id":"a9a0bc4e597362fbb554ceb583a709745d9abb63877edaaa8d2b18da19e3f7a3","image":"sha256:bb25e0e32ca64337dc04c0ea07dbfcd8c9e784b6191b1c17ad4f67993a079175","init":false,"ipc_mode":"private","labels":[],"log_driver":"json-file","log_opts":null,"logs":false,"max_retry_count":0,"memory":0,"memory_swap":0,"mounts":[],"must_run":true,"name":"b5da0924-7c55-4882-a0a0-07a054b39498","network_data":[{"gateway":"172.30.0.1","global_ipv6_address":"","global_ipv6_prefix_length":0,"ip_address":"172.30.0.2","ip_prefix_length":16,"ipv6_gateway":"","mac_address":"ca:01:e7:fb:b6:d3","network_name":"network-2b36abf3-e13a-4fd1-86cd-5df920ce3423"}],"network_mode":"bridge","networks_advanced":[{"aliases":[],"ipv4_address":"","ipv6_address":"","name":"network-2b36abf3-e13a-4fd1-86cd-5df920ce3423"}],"pid_mode":"","ports":[{"external":25565,"internal":25565,"ip":"0.0.0.0","protocol":"tcp"}],"privileged":false,"publish_all_ports":false,"read_only":false,"remove_volumes":true,"restart":"unless-stopped","rm":false,"runtime":"runc","security_opts":[],"shm_size":64,"start":true,"stdin_open":false,"stop_signal":"SIGTERM","stop_timeout":0,"storage_opts":null,"sysctls":null,"tmpfs":null,"tty":false,"ulimit":[],"upload":[],"user":"","userns_mode":"","volumes":[{"container_path":"/data","from_container":"","host_path":"/minecraft-data","read_only":false,"volume_name":""}],"wait":false,"wait_timeout":60,"working_dir":"/data"},"sensitive_attributes":[],"private":"eyJzY2hlbWFfdmVyc2lvbiI6IjIifQ==","dependencies":["module.provider_infra_local.data.docker_network.custom_network","module.provider_infra_local.docker_image.instance"]}]},{"module":"module.provider_infra_local[0]","mode":"managed","type":"docker_image","name":"instance","provider":"provider[\"registry.opentofu.org/kreuzwerker/docker\"]","instances":[{"schema_version":0,"attributes":{"build":[],"force_remove":null,"id":"sha256:bb25e0e32ca64337dc04c0ea07dbfcd8c9e784b6191b1c17ad4f67993a079175itzg/minecraft-server:latest","image_id":"sha256:bb25e0e32ca64337dc04c0ea07dbfcd8c9e784b6191b1c17ad4f67993a079175","keep_locally":false,"name":"itzg/minecraft-server:latest","platform":null,"pull_triggers":null,"repo_digest":"itzg/minecraft-server@sha256:f2c69c870f963faf975e5cc361cdd929f0e9f063c1d2900a9ef5524167a89529","triggers":null},"sensitive_attributes":[],"private":"bnVsbA=="}]}],"check_results":null}
