{"version":4,"terraform_version":"1.9.0","serial":2,"lineage":"ddf84aa1-8c89-676f-ed13-2f39ca374d08","outputs":{},"resources":[{"module":"module.network_create[0]","mode":"managed","type":"docker_network","name":"this","provider":"provider[\"registry.opentofu.org/kreuzwerker/docker\"]","instances":[{"schema_version":1,"attributes":{"attachable":false,"check_duplicate":null,"driver":"bridge","id":"97cb3f3a8edb14e88e75b16526aad91366ef11105fdff69e0c2c170a5a7459c3","ingress":false,"internal":false,"ipam_config":[{"aux_address":{},"gateway":"172.30.0.1","ip_range":"","subnet":"172.30.0.0/16"}],"ipam_driver":"default","ipam_options":{},"ipv6":false,"labels":[],"name":"network-2b36abf3-e13a-4fd1-86cd-5df920ce3423","options":{},"scope":"local"},"sensitive_attributes":[],"private":"eyJzY2hlbWFfdmVyc2lvbiI6IjEifQ=="}]}],"check_results":null}
