{"version":4,"terraform_version":"1.9.0","serial":2,"lineage":"1ff332a4-5432-40b3-5d1c-dd9499112ab2","outputs":{},"resources":[{"module":"module.network_create[0]","mode":"managed","type":"docker_network","name":"this","provider":"provider[\"registry.opentofu.org/kreuzwerker/docker\"]","instances":[{"schema_version":1,"attributes":{"attachable":false,"check_duplicate":null,"driver":"bridge","id":"acba565eccf4c089f143857d7184570768f82b0807184db19f9d3573c267a71e","ingress":false,"internal":false,"ipam_config":[{"aux_address":{},"gateway":"172.31.0.1","ip_range":"","subnet":"172.31.0.0/16"}],"ipam_driver":"default","ipam_options":{},"ipv6":false,"labels":[],"name":"network-12b9691d-c043-4f26-9588-98984b85b969","options":{},"scope":"local"},"sensitive_attributes":[],"private":"eyJzY2hlbWFfdmVyc2lvbiI6IjEifQ=="}]}],"check_results":null}
