{"version":4,"terraform_version":"1.9.0","serial":2,"lineage":"b3e42c47-9879-c7f5-89ed-ef2c39fe652b","outputs":{},"resources":[{"module":"module.network_create[0]","mode":"managed","type":"docker_network","name":"this","provider":"provider[\"registry.opentofu.org/kreuzwerker/docker\"]","instances":[{"schema_version":1,"attributes":{"attachable":false,"check_duplicate":null,"driver":"bridge","id":"aaca8c6ae003bae7fddfd92ad7c5087f81f092c4e590dad91701a41526ac5fa3","ingress":false,"internal":false,"ipam_config":[{"aux_address":{},"gateway":"172.22.0.1","ip_range":"","subnet":"172.22.0.0/16"}],"ipam_driver":"default","ipam_options":null,"ipv6":false,"labels":[],"name":"network-85801681-f1b8-42aa-9cf0-f783a8f640af","options":{},"scope":"local"},"sensitive_attributes":[],"private":"eyJzY2hlbWFfdmVyc2lvbiI6IjEifQ=="}]}],"check_results":null}
