{"version":4,"terraform_version":"1.9.0","serial":1,"lineage":"a8986e6f-9daa-499c-4aec-2bb455796275","outputs":{},"resources":[{"module":"module.network_create[0]","mode":"managed","type":"docker_network","name":"this","provider":"provider[\"registry.opentofu.org/kreuzwerker/docker\"]","instances":[{"schema_version":1,"attributes":{"attachable":false,"check_duplicate":null,"driver":"bridge","id":"acc00193714d571600ae0e532f2c072190f91a6c844c314dde9ae572675f909b","ingress":false,"internal":false,"ipam_config":[{"aux_address":{},"gateway":"172.29.0.1","ip_range":"","subnet":"172.29.0.0/16"}],"ipam_driver":"default","ipam_options":null,"ipv6":false,"labels":[],"name":"network-5714276b-d2ac-4978-931d-9b92e3c1dc73","options":{},"scope":"local"},"sensitive_attributes":[],"private":"eyJzY2hlbWFfdmVyc2lvbiI6IjEifQ=="}]}],"check_results":null}
