{"version":4,"terraform_version":"1.9.1","serial":7,"lineage":"a117fbf1-524f-647b-58c4-f26f894ce8f2","outputs":{},"resources":[{"module":"module.provider_volume_local[0]","mode":"managed","type":"docker_volume","name":"this","provider":"provider[\"registry.opentofu.org/kreuzwerker/docker\"]","instances":[{"schema_version":1,"attributes":{"driver":"local","driver_opts":null,"id":"volume-postgres-db","labels":[],"mountpoint":"/var/lib/docker/volumes/volume-postgres-db/_data","name":"volume-postgres-db"},"sensitive_attributes":[],"private":"eyJzY2hlbWFfdmVyc2lvbiI6IjEifQ=="}]}],"check_results":null}
