{"version":4,"terraform_version":"1.9.1","serial":3,"lineage":"c4a80dd4-3543-2629-a1d0-71f29ed7572e","outputs":{},"resources":[{"module":"module.network_create[0]","mode":"managed","type":"docker_network","name":"this","provider":"provider[\"registry.opentofu.org/kreuzwerker/docker\"]","instances":[{"schema_version":1,"attributes":{"attachable":false,"check_duplicate":null,"driver":"bridge","id":"ba4910b86e8582fe9b9eac6590374aa624b935ca2441114e54685c802dd9f947","ingress":false,"internal":false,"ipam_config":[{"aux_address":{},"gateway":"172.20.0.1","ip_range":"","subnet":"172.20.0.0/16"}],"ipam_driver":"default","ipam_options":null,"ipv6":false,"labels":[],"name":"client-a-network","options":{},"scope":"local"},"sensitive_attributes":[],"private":"eyJzY2hlbWFfdmVyc2lvbiI6IjEifQ=="}]}],"check_results":null}
