{"version":4,"terraform_version":"1.9.0","serial":1,"lineage":"459479f7-b045-d339-4723-1f4e363e8b88","outputs":{},"resources":[{"module":"module.provider_infra_local[0]","mode":"data","type":"docker_network","name":"custom_network","provider":"provider[\"registry.opentofu.org/kreuzwerker/docker\"]","instances":[{"schema_version":0,"attributes":{"driver":"bridge","id":"acba565eccf4c089f143857d7184570768f82b0807184db19f9d3573c267a71e","internal":false,"ipam_config":[{"aux_address":{},"gateway":"172.31.0.1","ip_range":"","subnet":"172.31.0.0/16"}],"name":"network-12b9691d-c043-4f26-9588-98984b85b969","options":{},"scope":"local"},"sensitive_attributes":[]}]},{"module":"module.provider_infra_local[0]","mode":"managed","type":"docker_container","name":"instance","provider":"provider[\"registry.opentofu.org/kreuzwerker/docker\"]","instances":[{"schema_version":2,"attributes":{"attach":false,"bridge":"","capabilities":[],"cgroupns_mode":null,"command":[],"container_logs":null,"container_read_refresh_timeout_milliseconds":15000,"cpu_set":"","cpu_shares":0,"destroy_grace_seconds":null,"devices":[],"dns":null,"dns_opts":null,"dns_search":null,"domainname":"","entrypoint":["/start"],"env":["EULA=TRUE","SERVER_NAME=My Minecraft Server"],"exit_code":null,"gpus":null,"group_add":null,"healthcheck":[{"interval":"30s","retries":2,"start_period":"2m0s","test":["CMD-SHELL","mc-health"],"timeout":"0s"}],"host":[],"hostname":"d428d6d95501","id":"d428d6d95501f4e1f17a744d474490b25c3a0e413e678d7771e1472c402feed0","image":"sha256:f825e7eca7de914ee8204d1608e1893138e9a3230e5086d798bb5d23d1f33be7","init":false,"ipc_mode":"private","labels":[],"log_driver":"json-file","log_opts":null,"logs":false,"max_retry_count":0,"memory":0,"memory_swap":0,"mounts":[],"must_run":true,"name":"1426177c-641b-418e-bb6c-db6bf5892a52","network_data":[{"gateway":"172.31.0.1","global_ipv6_address":"","global_ipv6_prefix_length":0,"ip_address":"172.31.0.2","ip_prefix_length":16,"ipv6_gateway":"","mac_address":"1a:33:07:57:2b:b1","network_name":"network-12b9691d-c043-4f26-9588-98984b85b969"}],"network_mode":"bridge","networks_advanced":[{"aliases":[],"ipv4_address":"","ipv6_address":"","name":"network-12b9691d-c043-4f26-9588-98984b85b969"}],"pid_mode":"","ports":[{"external":25565,"internal":25565,"ip":"0.0.0.0","protocol":"tcp"}],"privileged":false,"publish_all_ports":false,"read_only":false,"remove_volumes":true,"restart":"unless-stopped","rm":false,"runtime":"runc","security_opts":[],"shm_size":64,"start":true,"stdin_open":false,"stop_signal":"SIGTERM","stop_timeout":0,"storage_opts":null,"sysctls":null,"tmpfs":null,"tty":false,"ulimit":[],"upload":[],"user":"","userns_mode":"","volumes":[{"container_path":"/data","from_container":"","host_path":"/minecraft-data","read_only":false,"volume_name":""}],"wait":false,"wait_timeout":60,"working_dir":"/data"},"sensitive_attributes":[],"private":"eyJzY2hlbWFfdmVyc2lvbiI6IjIifQ==","dependencies":["module.provider_infra_local.data.docker_network.custom_network","module.provider_infra_local.docker_image.instance"]}]},{"module":"module.provider_infra_local[0]","mode":"managed","type":"docker_image","name":"instance","provider":"provider[\"registry.opentofu.org/kreuzwerker/docker\"]","instances":[{"schema_version":0,"attributes":{"build":[],"force_remove":null,"id":"sha256:f825e7eca7de914ee8204d1608e1893138e9a3230e5086d798bb5d23d1f33be7itzg/minecraft-server:latest","image_id":"sha256:f825e7eca7de914ee8204d1608e1893138e9a3230e5086d798bb5d23d1f33be7","keep_locally":false,"name":"itzg/minecraft-server:latest","platform":null,"pull_triggers":null,"repo_digest":"itzg/minecraft-server@sha256:ff2c94f58df7b73b54ae9c1ad0caf38da1b4e76868141af9079c699d0558a188","triggers":null},"sensitive_attributes":[],"private":"bnVsbA=="}]}],"check_results":null}
