{"version":4,"terraform_version":"1.9.0","serial":1,"lineage":"284c6664-05fd-1aa0-d433-7db1c82fc1c2","outputs":{},"resources":[{"module":"module.provider_infra_local[0]","mode":"data","type":"docker_network","name":"custom_network","provider":"provider[\"registry.opentofu.org/kreuzwerker/docker\"]","instances":[{"schema_version":0,"attributes":{"driver":"bridge","id":"97cb3f3a8edb14e88e75b16526aad91366ef11105fdff69e0c2c170a5a7459c3","internal":false,"ipam_config":[{"aux_address":{},"gateway":"172.30.0.1","ip_range":"","subnet":"172.30.0.0/16"}],"name":"network-2b36abf3-e13a-4fd1-86cd-5df920ce3423","options":{},"scope":"local"},"sensitive_attributes":[]}]},{"module":"module.provider_infra_local[0]","mode":"managed","type":"docker_container","name":"instance","provider":"provider[\"registry.opentofu.org/kreuzwerker/docker\"]","instances":[{"schema_version":2,"attributes":{"attach":false,"bridge":"","capabilities":[],"cgroupns_mode":null,"command":[],"container_logs":null,"container_read_refresh_timeout_milliseconds":15000,"cpu_set":"","cpu_shares":0,"destroy_grace_seconds":null,"devices":[],"dns":null,"dns_opts":null,"dns_search":null,"domainname":"","entrypoint":["/start"],"env":["EULA=TRUE","SERVER_NAME=My Minecraft Server"],"exit_code":null,"gpus":null,"group_add":null,"healthcheck":[{"interval":"30s","retries":2,"start_period":"2m0s","test":["CMD-SHELL","mc-health"],"timeout":"0s"}],"host":[],"hostname":"335502a2722b","id":"335502a2722b7a17f67089d7235cc2b8fc5cf929c10b75710b3595518447f40c","image":"sha256:f825e7eca7de914ee8204d1608e1893138e9a3230e5086d798bb5d23d1f33be7","init":false,"ipc_mode":"private","labels":[],"log_driver":"json-file","log_opts":null,"logs":false,"max_retry_count":0,"memory":0,"memory_swap":0,"mounts":[],"must_run":true,"name":"e8923c2e-f028-493b-9b66-6dc36b1f6cf7","network_data":[{"gateway":"172.30.0.1","global_ipv6_address":"","global_ipv6_prefix_length":0,"ip_address":"172.30.0.2","ip_prefix_length":16,"ipv6_gateway":"","mac_address":"76:d3:f0:3c:3d:5e","network_name":"network-2b36abf3-e13a-4fd1-86cd-5df920ce3423"}],"network_mode":"bridge","networks_advanced":[{"aliases":[],"ipv4_address":"","ipv6_address":"","name":"network-2b36abf3-e13a-4fd1-86cd-5df920ce3423"}],"pid_mode":"","ports":[{"external":25565,"internal":25565,"ip":"0.0.0.0","protocol":"tcp"}],"privileged":false,"publish_all_ports":false,"read_only":false,"remove_volumes":true,"restart":"unless-stopped","rm":false,"runtime":"runc","security_opts":[],"shm_size":64,"start":true,"stdin_open":false,"stop_signal":"SIGTERM","stop_timeout":0,"storage_opts":null,"sysctls":null,"tmpfs":null,"tty":false,"ulimit":[],"upload":[],"user":"","userns_mode":"","volumes":[{"container_path":"/data","from_container":"","host_path":"/minecraft-data","read_only":false,"volume_name":""}],"wait":false,"wait_timeout":60,"working_dir":"/data"},"sensitive_attributes":[],"private":"eyJzY2hlbWFfdmVyc2lvbiI6IjIifQ==","dependencies":["module.provider_infra_local.data.docker_network.custom_network","module.provider_infra_local.docker_image.instance"]}]},{"module":"module.provider_infra_local[0]","mode":"managed","type":"docker_image","name":"instance","provider":"provider[\"registry.opentofu.org/kreuzwerker/docker\"]","instances":[{"schema_version":0,"attributes":{"build":[],"force_remove":null,"id":"sha256:f825e7eca7de914ee8204d1608e1893138e9a3230e5086d798bb5d23d1f33be7itzg/minecraft-server:latest","image_id":"sha256:f825e7eca7de914ee8204d1608e1893138e9a3230e5086d798bb5d23d1f33be7","keep_locally":false,"name":"itzg/minecraft-server:latest","platform":null,"pull_triggers":null,"repo_digest":"itzg/minecraft-server@sha256:ff2c94f58df7b73b54ae9c1ad0caf38da1b4e76868141af9079c699d0558a188","triggers":null},"sensitive_attributes":[],"private":"bnVsbA=="}]}],"check_results":null}
